
Microsoft Visual Studio Solution File, Format Version 12.00
# Visual Studio Version 16
VisualStudioVersion = 16.0.31005.135
MinimumVisualStudioVersion = 10.0.40219.1
Project("{FAE04EC0-301F-11D3-BF4B-00C04F79EFBC}") = "MusicRadioStore.Core", "MusicRadioStore.Core\MusicRadioStore.Core.csproj", "{56CBB03D-C9AF-496E-BFE2-D2C2B29EB548}"
EndProject
Project("{FAE04EC0-301F-11D3-BF4B-00C04F79EFBC}") = "MusicRadioStore.DataAccess.SQL", "MusicRadioStore.DataAccess.SQL\MusicRadioStore.DataAccess.SQL.csproj", "{EDCBBC58-4D77-4074-B01C-F2FBCD659945}"
EndProject
Project("{FAE04EC0-301F-11D3-BF4B-00C04F79EFBC}") = "MusicRadioStore.Services", "MusicRadioStore.Services\MusicRadioStore.Services.csproj", "{06F8647A-7352-47D6-9856-16C7DE60AAC2}"
EndProject
Project("{FAE04EC0-301F-11D3-BF4B-00C04F79EFBC}") = "MusicRadioStore.WebUI", "MusicRadioStore.WebUI\MusicRadioStore.WebUI.csproj", "{3DBEEFE6-3388-4FE5-A87D-DBC422E306EF}"
EndProject
Project("{FAE04EC0-301F-11D3-BF4B-00C04F79EFBC}") = "MusicRadioStore.WebUI.Tests", "MusicRadioStore.WebUI.Tests\MusicRadioStore.WebUI.Tests.csproj", "{B1AF71AC-0224-4FDC-BE83-E45FAED03D59}"
EndProject
Global
	GlobalSection(SolutionConfigurationPlatforms) = preSolution
		Debug|Any CPU = Debug|Any CPU
		Release|Any CPU = Release|Any CPU
	EndGlobalSection
	GlobalSection(ProjectConfigurationPlatforms) = postSolution
		{56CBB03D-C9AF-496E-BFE2-D2C2B29EB548}.Debug|Any CPU.ActiveCfg = Debug|Any CPU
		{56CBB03D-C9AF-496E-BFE2-D2C2B29EB548}.Debug|Any CPU.Build.0 = Debug|Any CPU
		{56CBB03D-C9AF-496E-BFE2-D2C2B29EB548}.Release|Any CPU.ActiveCfg = Release|Any CPU
		{56CBB03D-C9AF-496E-BFE2-D2C2B29EB548}.Release|Any CPU.Build.0 = Release|Any CPU
		{EDCBBC58-4D77-4074-B01C-F2FBCD659945}.Debug|Any CPU.ActiveCfg = Debug|Any CPU
		{EDCBBC58-4D77-4074-B01C-F2FBCD659945}.Debug|Any CPU.Build.0 = Debug|Any CPU
		{EDCBBC58-4D77-4074-B01C-F2FBCD659945}.Release|Any CPU.ActiveCfg = Release|Any CPU
		{EDCBBC58-4D77-4074-B01C-F2FBCD659945}.Release|Any CPU.Build.0 = Release|Any CPU
		{06F8647A-7352-47D6-9856-16C7DE60AAC2}.Debug|Any CPU.ActiveCfg = Debug|Any CPU
		{06F8647A-7352-47D6-9856-16C7DE60AAC2}.Debug|Any CPU.Build.0 = Debug|Any CPU
		{06F8647A-7352-47D6-9856-16C7DE60AAC2}.Release|Any CPU.ActiveCfg = Release|Any CPU
		{06F8647A-7352-47D6-9856-16C7DE60AAC2}.Release|Any CPU.Build.0 = Release|Any CPU
		{3DBEEFE6-3388-4FE5-A87D-DBC422E306EF}.Debug|Any CPU.ActiveCfg = Debug|Any CPU
		{3DBEEFE6-3388-4FE5-A87D-DBC422E306EF}.Debug|Any CPU.Build.0 = Debug|Any CPU
		{3DBEEFE6-3388-4FE5-A87D-DBC422E306EF}.Release|Any CPU.ActiveCfg = Release|Any CPU
		{3DBEEFE6-3388-4FE5-A87D-DBC422E306EF}.Release|Any CPU.Build.0 = Release|Any CPU
		{B1AF71AC-0224-4FDC-BE83-E45FAED03D59}.Debug|Any CPU.ActiveCfg = Debug|Any CPU
		{B1AF71AC-0224-4FDC-BE83-E45FAED03D59}.Debug|Any CPU.Build.0 = Debug|Any CPU
		{B1AF71AC-0224-4FDC-BE83-E45FAED03D59}.Release|Any CPU.ActiveCfg = Release|Any CPU
		{B1AF71AC-0224-4FDC-BE83-E45FAED03D59}.Release|Any CPU.Build.0 = Release|Any CPU
	EndGlobalSection
	GlobalSection(SolutionProperties) = preSolution
		HideSolutionNode = FALSE
	EndGlobalSection
	GlobalSection(ExtensibilityGlobals) = postSolution
		SolutionGuid = {33F12B7E-C82A-4394-8A16-DC7D66A9AC17}
	EndGlobalSection
EndGlobal
